
Microsoft Visual Studio Solution File, Format Version 12.00
# Visual Studio Version 17
VisualStudioVersion = 17.4.33213.308
MinimumVisualStudioVersion = 10.0.40219.1
Project("{9A19103F-16F7-4668-BE54-9A1E7A4F7556}") = "Solidsoft.Reply.Parsers.Gs1Ai", "Solidsoft.Reply.Parsers.Gs1Ai\Solidsoft.Reply.Parsers.Gs1Ai.csproj", "{94A0DA62-ECCB-453A-B672-E541D478D215}"
EndProject
Project("{9A19103F-16F7-4668-BE54-9A1E7A4F7556}") = "Solidsoft.Reply.Parsers.Gs1Ai.Tests", "Solidsoft.Reply.Parsers.Gs1Ai.Tests\Solidsoft.Reply.Parsers.Gs1Ai.Tests.csproj", "{8A7CC890-F576-486A-B0F1-E94107D10B85}"
EndProject
Global
	GlobalSection(SolutionConfigurationPlatforms) = preSolution
		Debug|Any CPU = Debug|Any CPU
		Release|Any CPU = Release|Any CPU
	EndGlobalSection
	GlobalSection(ProjectConfigurationPlatforms) = postSolution
		{94A0DA62-ECCB-453A-B672-E541D478D215}.Debug|Any CPU.ActiveCfg = Debug|Any CPU
		{94A0DA62-ECCB-453A-B672-E541D478D215}.Debug|Any CPU.Build.0 = Debug|Any CPU
		{94A0DA62-ECCB-453A-B672-E541D478D215}.Release|Any CPU.ActiveCfg = Release|Any CPU
		{94A0DA62-ECCB-453A-B672-E541D478D215}.Release|Any CPU.Build.0 = Release|Any CPU
		{8A7CC890-F576-486A-B0F1-E94107D10B85}.Debug|Any CPU.ActiveCfg = Debug|Any CPU
		{8A7CC890-F576-486A-B0F1-E94107D10B85}.Debug|Any CPU.Build.0 = Debug|Any CPU
		{8A7CC890-F576-486A-B0F1-E94107D10B85}.Release|Any CPU.ActiveCfg = Release|Any CPU
		{8A7CC890-F576-486A-B0F1-E94107D10B85}.Release|Any CPU.Build.0 = Release|Any CPU
	EndGlobalSection
	GlobalSection(SolutionProperties) = preSolution
		HideSolutionNode = FALSE
	EndGlobalSection
	GlobalSection(ExtensibilityGlobals) = postSolution
		SolutionGuid = {620F3E78-3211-4980-8C1D-1AE6303F0F43}
	EndGlobalSection
EndGlobal
