
Microsoft Visual Studio Solution File, Format Version 12.00
# Visual Studio Version 17
VisualStudioVersion = 17.7.34202.233
MinimumVisualStudioVersion = 10.0.40219.1
Project("{9A19103F-16F7-4668-BE54-9A1E7A4F7556}") = "Solidsoft.Reply.Parsers.Gs1Ai", "Solidsoft.Reply.Parsers.Gs1Ai\Solidsoft.Reply.Parsers.Gs1Ai.csproj", "{97AEF4DD-C2AE-4D75-930F-F7A14AFE7D72}"
EndProject
Project("{9A19103F-16F7-4668-BE54-9A1E7A4F7556}") = "Solidsoft.Reply.Parsers.Common", "..\Solidsoft.Reply.Parsers.Common\Solidsoft.Reply.Parsers.Common\Solidsoft.Reply.Parsers.Common.csproj", "{CF68E4C7-9D68-49B5-AAC8-0CF23461144A}"
EndProject
Project("{9A19103F-16F7-4668-BE54-9A1E7A4F7556}") = "Solidsoft.Reply.Parsers.Gs1Ai.Tests", "Solidsoft.Reply.Parsers.Gs1Ai.Tests\Solidsoft.Reply.Parsers.Gs1Ai.Tests.csproj", "{479A8195-FBCA-4E8F-AEE6-10DF7776CE01}"
EndProject
Global
	GlobalSection(SolutionConfigurationPlatforms) = preSolution
		Debug|Any CPU = Debug|Any CPU
		Release|Any CPU = Release|Any CPU
	EndGlobalSection
	GlobalSection(ProjectConfigurationPlatforms) = postSolution
		{97AEF4DD-C2AE-4D75-930F-F7A14AFE7D72}.Debug|Any CPU.ActiveCfg = Debug|Any CPU
		{97AEF4DD-C2AE-4D75-930F-F7A14AFE7D72}.Debug|Any CPU.Build.0 = Debug|Any CPU
		{97AEF4DD-C2AE-4D75-930F-F7A14AFE7D72}.Release|Any CPU.ActiveCfg = Release|Any CPU
		{97AEF4DD-C2AE-4D75-930F-F7A14AFE7D72}.Release|Any CPU.Build.0 = Release|Any CPU
		{CF68E4C7-9D68-49B5-AAC8-0CF23461144A}.Debug|Any CPU.ActiveCfg = Debug|Any CPU
		{CF68E4C7-9D68-49B5-AAC8-0CF23461144A}.Debug|Any CPU.Build.0 = Debug|Any CPU
		{CF68E4C7-9D68-49B5-AAC8-0CF23461144A}.Release|Any CPU.ActiveCfg = Release|Any CPU
		{CF68E4C7-9D68-49B5-AAC8-0CF23461144A}.Release|Any CPU.Build.0 = Release|Any CPU
		{479A8195-FBCA-4E8F-AEE6-10DF7776CE01}.Debug|Any CPU.ActiveCfg = Debug|Any CPU
		{479A8195-FBCA-4E8F-AEE6-10DF7776CE01}.Debug|Any CPU.Build.0 = Debug|Any CPU
		{479A8195-FBCA-4E8F-AEE6-10DF7776CE01}.Release|Any CPU.ActiveCfg = Release|Any CPU
		{479A8195-FBCA-4E8F-AEE6-10DF7776CE01}.Release|Any CPU.Build.0 = Release|Any CPU
	EndGlobalSection
	GlobalSection(SolutionProperties) = preSolution
		HideSolutionNode = FALSE
	EndGlobalSection
	GlobalSection(ExtensibilityGlobals) = postSolution
		SolutionGuid = {BE8A0D50-8C0C-4CAD-ABB7-A1FF124B1528}
	EndGlobalSection
EndGlobal
